
Microsoft Visual Studio Solution File, Format Version 12.00
# Visual Studio Version 16
VisualStudioVersion = 16.0.33529.622
MinimumVisualStudioVersion = 10.0.40219.1
Project("{FAE04EC0-301F-11D3-BF4B-00C04F79EFBC}") = "my-books", "my-books.csproj", "{023AA52A-A669-4952-8E82-A49D3DA007A4}"
EndProject
Global
	GlobalSection(SolutionConfigurationPlatforms) = preSolution
		Debug|Any CPU = Debug|Any CPU
		Release|Any CPU = Release|Any CPU
	EndGlobalSection
	GlobalSection(ProjectConfigurationPlatforms) = postSolution
		{023AA52A-A669-4952-8E82-A49D3DA007A4}.Debug|Any CPU.ActiveCfg = Debug|Any CPU
		{023AA52A-A669-4952-8E82-A49D3DA007A4}.Debug|Any CPU.Build.0 = Debug|Any CPU
		{023AA52A-A669-4952-8E82-A49D3DA007A4}.Release|Any CPU.ActiveCfg = Release|Any CPU
		{023AA52A-A669-4952-8E82-A49D3DA007A4}.Release|Any CPU.Build.0 = Release|Any CPU
	EndGlobalSection
	GlobalSection(SolutionProperties) = preSolution
		HideSolutionNode = FALSE
	EndGlobalSection
	GlobalSection(ExtensibilityGlobals) = postSolution
		SolutionGuid = {43A71D90-6C90-47E0-A4F7-E254D31D32EA}
	EndGlobalSection
EndGlobal
